
Microsoft Visual Studio Solution File, Format Version 12.00
# Visual Studio Express 2013 for Windows Desktop
VisualStudioVersion = 12.0.21005.1
MinimumVisualStudioVersion = 10.0.40219.1
Project("{8BC9CEB8-8B4A-11D0-8D11-00A0C91BC942}") = "4_1", "4_1\4_1.vcxproj", "{73D5989C-137E-4B41-8ED1-F7ACCD412C17}"
EndProject
Project("{8BC9CEB8-8B4A-11D0-8D11-00A0C91BC942}") = "4_2", "4_2\4_2.vcxproj", "{A0618B2F-B756-4BE9-A21B-8EBCE109D3AD}"
EndProject
Project("{8BC9CEB8-8B4A-11D0-8D11-00A0C91BC942}") = "4_3", "4_3\4_3.vcxproj", "{17572F72-6148-4644-B893-AAD24FBEAF93}"
EndProject
Project("{8BC9CEB8-8B4A-11D0-8D11-00A0C91BC942}") = "4_4", "4_4\4_4.vcxproj", "{F4E07AFB-B0CD-44CB-A0D0-0098B2098EC0}"
EndProject
Project("{8BC9CEB8-8B4A-11D0-8D11-00A0C91BC942}") = "4_5", "4_5\4_5.vcxproj", "{317213A6-CA10-4FD8-BB23-72233E60B3A0}"
EndProject
Project("{8BC9CEB8-8B4A-11D0-8D11-00A0C91BC942}") = "4_6", "4_6\4_6.vcxproj", "{625E0164-C8CF-40C4-9F32-C157DB9BBCD8}"
EndProject
Project("{8BC9CEB8-8B4A-11D0-8D11-00A0C91BC942}") = "4_7", "4_7\4_7.vcxproj", "{3593993B-FE9E-4045-ADC6-9E130C0575A2}"
EndProject
Project("{8BC9CEB8-8B4A-11D0-8D11-00A0C91BC942}") = "4_8", "4_8\4_8.vcxproj", "{4313675C-FBB2-41AB-B96B-3A8146C3D260}"
EndProject
Project("{8BC9CEB8-8B4A-11D0-8D11-00A0C91BC942}") = "4_9", "4_9\4_9.vcxproj", "{248BF794-E572-42B2-AB3D-6618E362472E}"
EndProject
Project("{8BC9CEB8-8B4A-11D0-8D11-00A0C91BC942}") = "4_10", "4_10\4_10.vcxproj", "{96B18411-C6AE-4B9F-AD03-3D7821CD5699}"
EndProject
Project("{8BC9CEB8-8B4A-11D0-8D11-00A0C91BC942}") = "4_11", "4_11\4_11.vcxproj", "{BC142E65-BBE8-4D23-9082-A92F7E216660}"
EndProject
Project("{8BC9CEB8-8B4A-11D0-8D11-00A0C91BC942}") = "4_12", "4_12\4_12.vcxproj", "{E0C54A8A-D36A-4023-AD65-E1A1A88D8987}"
EndProject
Project("{8BC9CEB8-8B4A-11D0-8D11-00A0C91BC942}") = "4_13", "4_13\4_13.vcxproj", "{AB03042E-6B68-4DD2-B9B7-8D4C112F10B2}"
EndProject
Global
	GlobalSection(SolutionConfigurationPlatforms) = preSolution
		Debug|Win32 = Debug|Win32
		Release|Win32 = Release|Win32
	EndGlobalSection
	GlobalSection(ProjectConfigurationPlatforms) = postSolution
		{73D5989C-137E-4B41-8ED1-F7ACCD412C17}.Debug|Win32.ActiveCfg = Debug|Win32
		{73D5989C-137E-4B41-8ED1-F7ACCD412C17}.Debug|Win32.Build.0 = Debug|Win32
		{73D5989C-137E-4B41-8ED1-F7ACCD412C17}.Release|Win32.ActiveCfg = Release|Win32
		{73D5989C-137E-4B41-8ED1-F7ACCD412C17}.Release|Win32.Build.0 = Release|Win32
		{A0618B2F-B756-4BE9-A21B-8EBCE109D3AD}.Debug|Win32.ActiveCfg = Debug|Win32
		{A0618B2F-B756-4BE9-A21B-8EBCE109D3AD}.Debug|Win32.Build.0 = Debug|Win32
		{A0618B2F-B756-4BE9-A21B-8EBCE109D3AD}.Release|Win32.ActiveCfg = Release|Win32
		{A0618B2F-B756-4BE9-A21B-8EBCE109D3AD}.Release|Win32.Build.0 = Release|Win32
		{17572F72-6148-4644-B893-AAD24FBEAF93}.Debug|Win32.ActiveCfg = Debug|Win32
		{17572F72-6148-4644-B893-AAD24FBEAF93}.Debug|Win32.Build.0 = Debug|Win32
		{17572F72-6148-4644-B893-AAD24FBEAF93}.Release|Win32.ActiveCfg = Release|Win32
		{17572F72-6148-4644-B893-AAD24FBEAF93}.Release|Win32.Build.0 = Release|Win32
		{F4E07AFB-B0CD-44CB-A0D0-0098B2098EC0}.Debug|Win32.ActiveCfg = Debug|Win32
		{F4E07AFB-B0CD-44CB-A0D0-0098B2098EC0}.Debug|Win32.Build.0 = Debug|Win32
		{F4E07AFB-B0CD-44CB-A0D0-0098B2098EC0}.Release|Win32.ActiveCfg = Release|Win32
		{F4E07AFB-B0CD-44CB-A0D0-0098B2098EC0}.Release|Win32.Build.0 = Release|Win32
		{317213A6-CA10-4FD8-BB23-72233E60B3A0}.Debug|Win32.ActiveCfg = Debug|Win32
		{317213A6-CA10-4FD8-BB23-72233E60B3A0}.Debug|Win32.Build.0 = Debug|Win32
		{317213A6-CA10-4FD8-BB23-72233E60B3A0}.Release|Win32.ActiveCfg = Release|Win32
		{317213A6-CA10-4FD8-BB23-72233E60B3A0}.Release|Win32.Build.0 = Release|Win32
		{625E0164-C8CF-40C4-9F32-C157DB9BBCD8}.Debug|Win32.ActiveCfg = Debug|Win32
		{625E0164-C8CF-40C4-9F32-C157DB9BBCD8}.Debug|Win32.Build.0 = Debug|Win32
		{625E0164-C8CF-40C4-9F32-C157DB9BBCD8}.Release|Win32.ActiveCfg = Release|Win32
		{625E0164-C8CF-40C4-9F32-C157DB9BBCD8}.Release|Win32.Build.0 = Release|Win32
		{3593993B-FE9E-4045-ADC6-9E130C0575A2}.Debug|Win32.ActiveCfg = Debug|Win32
		{3593993B-FE9E-4045-ADC6-9E130C0575A2}.Debug|Win32.Build.0 = Debug|Win32
		{3593993B-FE9E-4045-ADC6-9E130C0575A2}.Release|Win32.ActiveCfg = Release|Win32
		{3593993B-FE9E-4045-ADC6-9E130C0575A2}.Release|Win32.Build.0 = Release|Win32
		{4313675C-FBB2-41AB-B96B-3A8146C3D260}.Debug|Win32.ActiveCfg = Debug|Win32
		{4313675C-FBB2-41AB-B96B-3A8146C3D260}.Debug|Win32.Build.0 = Debug|Win32
		{4313675C-FBB2-41AB-B96B-3A8146C3D260}.Release|Win32.ActiveCfg = Release|Win32
		{4313675C-FBB2-41AB-B96B-3A8146C3D260}.Release|Win32.Build.0 = Release|Win32
		{248BF794-E572-42B2-AB3D-6618E362472E}.Debug|Win32.ActiveCfg = Debug|Win32
		{248BF794-E572-42B2-AB3D-6618E362472E}.Debug|Win32.Build.0 = Debug|Win32
		{248BF794-E572-42B2-AB3D-6618E362472E}.Release|Win32.ActiveCfg = Release|Win32
		{248BF794-E572-42B2-AB3D-6618E362472E}.Release|Win32.Build.0 = Release|Win32
		{96B18411-C6AE-4B9F-AD03-3D7821CD5699}.Debug|Win32.ActiveCfg = Debug|Win32
		{96B18411-C6AE-4B9F-AD03-3D7821CD5699}.Debug|Win32.Build.0 = Debug|Win32
		{96B18411-C6AE-4B9F-AD03-3D7821CD5699}.Release|Win32.ActiveCfg = Release|Win32
		{96B18411-C6AE-4B9F-AD03-3D7821CD5699}.Release|Win32.Build.0 = Release|Win32
		{BC142E65-BBE8-4D23-9082-A92F7E216660}.Debug|Win32.ActiveCfg = Debug|Win32
		{BC142E65-BBE8-4D23-9082-A92F7E216660}.Debug|Win32.Build.0 = Debug|Win32
		{BC142E65-BBE8-4D23-9082-A92F7E216660}.Release|Win32.ActiveCfg = Release|Win32
		{BC142E65-BBE8-4D23-9082-A92F7E216660}.Release|Win32.Build.0 = Release|Win32
		{E0C54A8A-D36A-4023-AD65-E1A1A88D8987}.Debug|Win32.ActiveCfg = Debug|Win32
		{E0C54A8A-D36A-4023-AD65-E1A1A88D8987}.Debug|Win32.Build.0 = Debug|Win32
		{E0C54A8A-D36A-4023-AD65-E1A1A88D8987}.Release|Win32.ActiveCfg = Release|Win32
		{E0C54A8A-D36A-4023-AD65-E1A1A88D8987}.Release|Win32.Build.0 = Release|Win32
		{AB03042E-6B68-4DD2-B9B7-8D4C112F10B2}.Debug|Win32.ActiveCfg = Debug|Win32
		{AB03042E-6B68-4DD2-B9B7-8D4C112F10B2}.Debug|Win32.Build.0 = Debug|Win32
		{AB03042E-6B68-4DD2-B9B7-8D4C112F10B2}.Release|Win32.ActiveCfg = Release|Win32
		{AB03042E-6B68-4DD2-B9B7-8D4C112F10B2}.Release|Win32.Build.0 = Release|Win32
	EndGlobalSection
	GlobalSection(SolutionProperties) = preSolution
		HideSolutionNode = FALSE
	EndGlobalSection
EndGlobal
