
Microsoft Visual Studio Solution File, Format Version 12.00
# Visual Studio Express 2013 for Windows Desktop
VisualStudioVersion = 12.0.21005.1
MinimumVisualStudioVersion = 10.0.40219.1
Project("{8BC9CEB8-8B4A-11D0-8D11-00A0C91BC942}") = "5_1", "5_1\5_1.vcxproj", "{0581B8E9-6B4B-44A7-9F4B-7C05E34797F0}"
EndProject
Project("{8BC9CEB8-8B4A-11D0-8D11-00A0C91BC942}") = "5_2", "5_2\5_2.vcxproj", "{BBC1FE03-7D14-4396-898E-273E2E532529}"
EndProject
Project("{8BC9CEB8-8B4A-11D0-8D11-00A0C91BC942}") = "5_3", "5_3\5_3.vcxproj", "{8C78EC42-2A59-46BC-A477-107C8205302A}"
EndProject
Project("{8BC9CEB8-8B4A-11D0-8D11-00A0C91BC942}") = "5_4", "5_4\5_4.vcxproj", "{30C985F5-A603-40A5-AD80-4C578A391EAE}"
EndProject
Project("{8BC9CEB8-8B4A-11D0-8D11-00A0C91BC942}") = "5_5", "5_5\5_5.vcxproj", "{662DC1B5-954A-491E-8998-C2AEC7879546}"
EndProject
Project("{8BC9CEB8-8B4A-11D0-8D11-00A0C91BC942}") = "5_6", "5_6\5_6.vcxproj", "{71E8F573-42BE-43AA-9AA2-25A8A4D757AF}"
EndProject
Project("{8BC9CEB8-8B4A-11D0-8D11-00A0C91BC942}") = "5_7", "5_7\5_7.vcxproj", "{17A4669E-855E-4305-B66B-4C52E66A8E91}"
EndProject
Project("{8BC9CEB8-8B4A-11D0-8D11-00A0C91BC942}") = "5_8", "5_8\5_8.vcxproj", "{53D77B8B-AC1F-4F2C-93C9-8774CAF6DDA3}"
EndProject
Project("{8BC9CEB8-8B4A-11D0-8D11-00A0C91BC942}") = "5_9", "5_9\5_9.vcxproj", "{48C95168-0CB1-4AF0-BC7D-C0A85960CB36}"
EndProject
Global
	GlobalSection(SolutionConfigurationPlatforms) = preSolution
		Debug|Win32 = Debug|Win32
		Release|Win32 = Release|Win32
	EndGlobalSection
	GlobalSection(ProjectConfigurationPlatforms) = postSolution
		{0581B8E9-6B4B-44A7-9F4B-7C05E34797F0}.Debug|Win32.ActiveCfg = Debug|Win32
		{0581B8E9-6B4B-44A7-9F4B-7C05E34797F0}.Debug|Win32.Build.0 = Debug|Win32
		{0581B8E9-6B4B-44A7-9F4B-7C05E34797F0}.Release|Win32.ActiveCfg = Release|Win32
		{0581B8E9-6B4B-44A7-9F4B-7C05E34797F0}.Release|Win32.Build.0 = Release|Win32
		{BBC1FE03-7D14-4396-898E-273E2E532529}.Debug|Win32.ActiveCfg = Debug|Win32
		{BBC1FE03-7D14-4396-898E-273E2E532529}.Debug|Win32.Build.0 = Debug|Win32
		{BBC1FE03-7D14-4396-898E-273E2E532529}.Release|Win32.ActiveCfg = Release|Win32
		{BBC1FE03-7D14-4396-898E-273E2E532529}.Release|Win32.Build.0 = Release|Win32
		{8C78EC42-2A59-46BC-A477-107C8205302A}.Debug|Win32.ActiveCfg = Debug|Win32
		{8C78EC42-2A59-46BC-A477-107C8205302A}.Debug|Win32.Build.0 = Debug|Win32
		{8C78EC42-2A59-46BC-A477-107C8205302A}.Release|Win32.ActiveCfg = Release|Win32
		{8C78EC42-2A59-46BC-A477-107C8205302A}.Release|Win32.Build.0 = Release|Win32
		{30C985F5-A603-40A5-AD80-4C578A391EAE}.Debug|Win32.ActiveCfg = Debug|Win32
		{30C985F5-A603-40A5-AD80-4C578A391EAE}.Debug|Win32.Build.0 = Debug|Win32
		{30C985F5-A603-40A5-AD80-4C578A391EAE}.Release|Win32.ActiveCfg = Release|Win32
		{30C985F5-A603-40A5-AD80-4C578A391EAE}.Release|Win32.Build.0 = Release|Win32
		{662DC1B5-954A-491E-8998-C2AEC7879546}.Debug|Win32.ActiveCfg = Debug|Win32
		{662DC1B5-954A-491E-8998-C2AEC7879546}.Debug|Win32.Build.0 = Debug|Win32
		{662DC1B5-954A-491E-8998-C2AEC7879546}.Release|Win32.ActiveCfg = Release|Win32
		{662DC1B5-954A-491E-8998-C2AEC7879546}.Release|Win32.Build.0 = Release|Win32
		{71E8F573-42BE-43AA-9AA2-25A8A4D757AF}.Debug|Win32.ActiveCfg = Debug|Win32
		{71E8F573-42BE-43AA-9AA2-25A8A4D757AF}.Debug|Win32.Build.0 = Debug|Win32
		{71E8F573-42BE-43AA-9AA2-25A8A4D757AF}.Release|Win32.ActiveCfg = Release|Win32
		{71E8F573-42BE-43AA-9AA2-25A8A4D757AF}.Release|Win32.Build.0 = Release|Win32
		{17A4669E-855E-4305-B66B-4C52E66A8E91}.Debug|Win32.ActiveCfg = Debug|Win32
		{17A4669E-855E-4305-B66B-4C52E66A8E91}.Debug|Win32.Build.0 = Debug|Win32
		{17A4669E-855E-4305-B66B-4C52E66A8E91}.Release|Win32.ActiveCfg = Release|Win32
		{17A4669E-855E-4305-B66B-4C52E66A8E91}.Release|Win32.Build.0 = Release|Win32
		{53D77B8B-AC1F-4F2C-93C9-8774CAF6DDA3}.Debug|Win32.ActiveCfg = Debug|Win32
		{53D77B8B-AC1F-4F2C-93C9-8774CAF6DDA3}.Debug|Win32.Build.0 = Debug|Win32
		{53D77B8B-AC1F-4F2C-93C9-8774CAF6DDA3}.Release|Win32.ActiveCfg = Release|Win32
		{53D77B8B-AC1F-4F2C-93C9-8774CAF6DDA3}.Release|Win32.Build.0 = Release|Win32
		{48C95168-0CB1-4AF0-BC7D-C0A85960CB36}.Debug|Win32.ActiveCfg = Debug|Win32
		{48C95168-0CB1-4AF0-BC7D-C0A85960CB36}.Debug|Win32.Build.0 = Debug|Win32
		{48C95168-0CB1-4AF0-BC7D-C0A85960CB36}.Release|Win32.ActiveCfg = Release|Win32
		{48C95168-0CB1-4AF0-BC7D-C0A85960CB36}.Release|Win32.Build.0 = Release|Win32
	EndGlobalSection
	GlobalSection(SolutionProperties) = preSolution
		HideSolutionNode = FALSE
	EndGlobalSection
EndGlobal
