
Microsoft Visual Studio Solution File, Format Version 12.00
# Visual Studio Express 2013 for Windows Desktop
VisualStudioVersion = 12.0.21005.1
MinimumVisualStudioVersion = 10.0.40219.1
Project("{8BC9CEB8-8B4A-11D0-8D11-00A0C91BC942}") = "2_3", "2_3\2_3.vcxproj", "{9DD534B5-1FBE-4B75-BFF2-40CE6FF5488A}"
EndProject
Project("{8BC9CEB8-8B4A-11D0-8D11-00A0C91BC942}") = "2_1", "2_1\2_1.vcxproj", "{295E486D-0E78-41A0-8FFD-EFED9EB59963}"
EndProject
Project("{8BC9CEB8-8B4A-11D0-8D11-00A0C91BC942}") = "2_2", "2_2\2_2.vcxproj", "{EF08388E-A0F3-4D2C-84CB-8C5067EC56DE}"
EndProject
Global
	GlobalSection(SolutionConfigurationPlatforms) = preSolution
		Debug|Win32 = Debug|Win32
		Release|Win32 = Release|Win32
	EndGlobalSection
	GlobalSection(ProjectConfigurationPlatforms) = postSolution
		{9DD534B5-1FBE-4B75-BFF2-40CE6FF5488A}.Debug|Win32.ActiveCfg = Debug|Win32
		{9DD534B5-1FBE-4B75-BFF2-40CE6FF5488A}.Debug|Win32.Build.0 = Debug|Win32
		{9DD534B5-1FBE-4B75-BFF2-40CE6FF5488A}.Release|Win32.ActiveCfg = Release|Win32
		{9DD534B5-1FBE-4B75-BFF2-40CE6FF5488A}.Release|Win32.Build.0 = Release|Win32
		{295E486D-0E78-41A0-8FFD-EFED9EB59963}.Debug|Win32.ActiveCfg = Debug|Win32
		{295E486D-0E78-41A0-8FFD-EFED9EB59963}.Debug|Win32.Build.0 = Debug|Win32
		{295E486D-0E78-41A0-8FFD-EFED9EB59963}.Release|Win32.ActiveCfg = Release|Win32
		{295E486D-0E78-41A0-8FFD-EFED9EB59963}.Release|Win32.Build.0 = Release|Win32
		{EF08388E-A0F3-4D2C-84CB-8C5067EC56DE}.Debug|Win32.ActiveCfg = Debug|Win32
		{EF08388E-A0F3-4D2C-84CB-8C5067EC56DE}.Debug|Win32.Build.0 = Debug|Win32
		{EF08388E-A0F3-4D2C-84CB-8C5067EC56DE}.Release|Win32.ActiveCfg = Release|Win32
		{EF08388E-A0F3-4D2C-84CB-8C5067EC56DE}.Release|Win32.Build.0 = Release|Win32
	EndGlobalSection
	GlobalSection(SolutionProperties) = preSolution
		HideSolutionNode = FALSE
	EndGlobalSection
EndGlobal
